// !$*UTF8*$!
{
	archiveVersion = 1;
	classes = {
	};
	objectVersion = 50;
	objects = {

/* Begin PBXBuildFile section */
		26EBF2C622BA83DE00CB7872 /* AppDelegate.swift in Sources */ = {isa = PBXBuildFile; fileRef = 26EBF2C522BA83DE00CB7872 /* AppDelegate.swift */; };
		26EBF2C822BA83DE00CB7872 /* SceneDelegate.swift in Sources */ = {isa = PBXBuildFile; fileRef = 26EBF2C722BA83DE00CB7872 /* SceneDelegate.swift */; };
		26EBF2CA22BA83DE00CB7872 /* ContentView.swift in Sources */ = {isa = PBXBuildFile; fileRef = 26EBF2C922BA83DE00CB7872 /* ContentView.swift */; };
		26EBF2CC22BA83DE00CB7872 /* Assets.xcassets in Resources */ = {isa = PBXBuildFile; fileRef = 26EBF2CB22BA83DE00CB7872 /* Assets.xcassets */; };
		26EBF2CF22BA83DE00CB7872 /* Preview Assets.xcassets in Resources */ = {isa = PBXBuildFile; fileRef = 26EBF2CE22BA83DE00CB7872 /* Preview Assets.xcassets */; };
		26EBF2D222BA83DE00CB7872 /* LaunchScreen.storyboard in Resources */ = {isa = PBXBuildFile; fileRef = 26EBF2D022BA83DE00CB7872 /* LaunchScreen.storyboard */; };
		26EBF2DD22BA83DE00CB7872 /* SHUunionTests.swift in Sources */ = {isa = PBXBuildFile; fileRef = 26EBF2DC22BA83DE00CB7872 /* SHUunionTests.swift */; };
		26EBF2E822BA83DE00CB7872 /* SHUunionUITests.swift in Sources */ = {isa = PBXBuildFile; fileRef = 26EBF2E722BA83DE00CB7872 /* SHUunionUITests.swift */; };
/* End PBXBuildFile section */

/* Begin PBXContainerItemProxy section */
		26EBF2D922BA83DE00CB7872 /* PBXContainerItemProxy */ = {
			isa = PBXContainerItemProxy;
			containerPortal = 26EBF2BA22BA83DE00CB7872 /* Project object */;
			proxyType = 1;
			remoteGlobalIDString = 26EBF2C122BA83DE00CB7872;
			remoteInfo = SHUunion;
		};
		26EBF2E422BA83DE00CB7872 /* PBXContainerItemProxy */ = {
			isa = PBXContainerItemProxy;
			containerPortal = 26EBF2BA22BA83DE00CB7872 /* Project object */;
			proxyType = 1;
			remoteGlobalIDString = 26EBF2C122BA83DE00CB7872;
			remoteInfo = SHUunion;
		};
/* End PBXContainerItemProxy section */

/* Begin PBXFileReference section */
		26EBF2C222BA83DE00CB7872 /* SHUunion.app */ = {isa = PBXFileReference; explicitFileType = wrapper.application; includeInIndex = 0; path = SHUunion.app; sourceTree = BUILT_PRODUCTS_DIR; };
		26EBF2C522BA83DE00CB7872 /* AppDelegate.swift */ = {isa = PBXFileReference; lastKnownFileType = sourcecode.swift; path = AppDelegate.swift; sourceTree = "<group>"; };
		26EBF2C722BA83DE00CB7872 /* SceneDelegate.swift */ = {isa = PBXFileReference; lastKnownFileType = sourcecode.swift; path = SceneDelegate.swift; sourceTree = "<group>"; };
		26EBF2C922BA83DE00CB7872 /* ContentView.swift */ = {isa = PBXFileReference; lastKnownFileType = sourcecode.swift; path = ContentView.swift; sourceTree = "<group>"; };
		26EBF2CB22BA83DE00CB7872 /* Assets.xcassets */ = {isa = PBXFileReference; lastKnownFileType = folder.assetcatalog; path = Assets.xcassets; sourceTree = "<group>"; };
		26EBF2CE22BA83DE00CB7872 /* Preview Assets.xcassets */ = {isa = PBXFileReference; lastKnownFileType = folder.assetcatalog; path = "Preview Assets.xcassets"; sourceTree = "<group>"; };
		26EBF2D122BA83DE00CB7872 /* Base */ = {isa = PBXFileReference; lastKnownFileType = file.storyboard; name = Base; path = Base.lproj/LaunchScreen.storyboard; sourceTree = "<group>"; };
		26EBF2D322BA83DE00CB7872 /* Info.plist */ = {isa = PBXFileReference; lastKnownFileType = text.plist.xml; path = Info.plist; sourceTree = "<group>"; };
		26EBF2D822BA83DE00CB7872 /* SHUunionTests.xctest */ = {isa = PBXFileReference; explicitFileType = wrapper.cfbundle; includeInIndex = 0; path = SHUunionTests.xctest; sourceTree = BUILT_PRODUCTS_DIR; };
		26EBF2DC22BA83DE00CB7872 /* SHUunionTests.swift */ = {isa = PBXFileReference; lastKnownFileType = sourcecode.swift; path = SHUunionTests.swift; sourceTree = "<group>"; };
		26EBF2DE22BA83DE00CB7872 /* Info.plist */ = {isa = PBXFileReference; lastKnownFileType = text.plist.xml; path = Info.plist; sourceTree = "<group>"; };
		26EBF2E322BA83DE00CB7872 /* SHUunionUITests.xctest */ = {isa = PBXFileReference; explicitFileType = wrapper.cfbundle; includeInIndex = 0; path = SHUunionUITests.xctest; sourceTree = BUILT_PRODUCTS_DIR; };
		26EBF2E722BA83DE00CB7872 /* SHUunionUITests.swift */ = {isa = PBXFileReference; lastKnownFileType = sourcecode.swift; path = SHUunionUITests.swift; sourceTree = "<group>"; };
		26EBF2E922BA83DE00CB7872 /* Info.plist */ = {isa = PBXFileReference; lastKnownFileType = text.plist.xml; path = Info.plist; sourceTree = "<group>"; };
/* End PBXFileReference section */

/* Begin PBXFrameworksBuildPhase section */
		26EBF2BF22BA83DE00CB7872 /* Frameworks */ = {
			isa = PBXFrameworksBuildPhase;
			buildActionMask = 2147483647;
			files = (
			);
			runOnlyForDeploymentPostprocessing = 0;
		};
		26EBF2D522BA83DE00CB7872 /* Frameworks */ = {
			isa = PBXFrameworksBuildPhase;
			buildActionMask = 2147483647;
			files = (
			);
			runOnlyForDeploymentPostprocessing = 0;
		};
		26EBF2E022BA83DE00CB7872 /* Frameworks */ = {
			isa = PBXFrameworksBuildPhase;
			buildActionMask = 2147483647;
			files = (
			);
			runOnlyForDeploymentPostprocessing = 0;
		};
/* End PBXFrameworksBuildPhase section */

/* Begin PBXGroup section */
		26EBF2B922BA83DE00CB7872 = {
			isa = PBXGroup;
			children = (
				26EBF2C422BA83DE00CB7872 /* SHUunion */,
				26EBF2DB22BA83DE00CB7872 /* SHUunionTests */,
				26EBF2E622BA83DE00CB7872 /* SHUunionUITests */,
				26EBF2C322BA83DE00CB7872 /* Products */,
			);
			sourceTree = "<group>";
		};
		26EBF2C322BA83DE00CB7872 /* Products */ = {
			isa = PBXGroup;
			children = (
				26EBF2C222BA83DE00CB7872 /* SHUunion.app */,
				26EBF2D822BA83DE00CB7872 /* SHUunionTests.xctest */,
				26EBF2E322BA83DE00CB7872 /* SHUunionUITests.xctest */,
			);
			name = Products;
			sourceTree = "<group>";
		};
		26EBF2C422BA83DE00CB7872 /* SHUunion */ = {
			isa = PBXGroup;
			children = (
				26EBF2C522BA83DE00CB7872 /* AppDelegate.swift */,
				26EBF2C722BA83DE00CB7872 /* SceneDelegate.swift */,
				26EBF2C922BA83DE00CB7872 /* ContentView.swift */,
				26EBF2CB22BA83DE00CB7872 /* Assets.xcassets */,
				26EBF2D022BA83DE00CB7872 /* LaunchScreen.storyboard */,
				26EBF2D322BA83DE00CB7872 /* Info.plist */,
				26EBF2CD22BA83DE00CB7872 /* Preview Content */,
			);
			path = SHUunion;
			sourceTree = "<group>";
		};
		26EBF2CD22BA83DE00CB7872 /* Preview Content */ = {
			isa = PBXGroup;
			children = (
				26EBF2CE22BA83DE00CB7872 /* Preview Assets.xcassets */,
			);
			path = "Preview Content";
			sourceTree = "<group>";
		};
		26EBF2DB22BA83DE00CB7872 /* SHUunionTests */ = {
			isa = PBXGroup;
			children = (
				26EBF2DC22BA83DE00CB7872 /* SHUunionTests.swift */,
				26EBF2DE22BA83DE00CB7872 /* Info.plist */,
			);
			path = SHUunionTests;
			sourceTree = "<group>";
		};
		26EBF2E622BA83DE00CB7872 /* SHUunionUITests */ = {
			isa = PBXGroup;
			children = (
				26EBF2E722BA83DE00CB7872 /* SHUunionUITests.swift */,
				26EBF2E922BA83DE00CB7872 /* Info.plist */,
			);
			path = SHUunionUITests;
			sourceTree = "<group>";
		};
/* End PBXGroup section */

/* Begin PBXNativeTarget section */
		26EBF2C122BA83DE00CB7872 /* SHUunion */ = {
			isa = PBXNativeTarget;
			buildConfigurationList = 26EBF2EC22BA83DE00CB7872 /* Build configuration list for PBXNativeTarget "SHUunion" */;
			buildPhases = (
				26EBF2BE22BA83DE00CB7872 /* Sources */,
				26EBF2BF22BA83DE00CB7872 /* Frameworks */,
				26EBF2C022BA83DE00CB7872 /* Resources */,
			);
			buildRules = (
			);
			dependencies = (
			);
			name = SHUunion;
			productName = SHUunion;
			productReference = 26EBF2C222BA83DE00CB7872 /* SHUunion.app */;
			productType = "com.apple.product-type.application";
		};
		26EBF2D722BA83DE00CB7872 /* SHUunionTests */ = {
			isa = PBXNativeTarget;
			buildConfigurationList = 26EBF2EF22BA83DE00CB7872 /* Build configuration list for PBXNativeTarget "SHUunionTests" */;
			buildPhases = (
				26EBF2D422BA83DE00CB7872 /* Sources */,
				26EBF2D522BA83DE00CB7872 /* Frameworks */,
				26EBF2D622BA83DE00CB7872 /* Resources */,
			);
			buildRules = (
			);
			dependencies = (
				26EBF2DA22BA83DE00CB7872 /* PBXTargetDependency */,
			);
			name = SHUunionTests;
			productName = SHUunionTests;
			productReference = 26EBF2D822BA83DE00CB7872 /* SHUunionTests.xctest */;
			productType = "com.apple.product-type.bundle.unit-test";
		};
		26EBF2E222BA83DE00CB7872 /* SHUunionUITests */ = {
			isa = PBXNativeTarget;
			buildConfigurationList = 26EBF2F222BA83DE00CB7872 /* Build configuration list for PBXNativeTarget "SHUunionUITests" */;
			buildPhases = (
				26EBF2DF22BA83DE00CB7872 /* Sources */,
				26EBF2E022BA83DE00CB7872 /* Frameworks */,
				26EBF2E122BA83DE00CB7872 /* Resources */,
			);
			buildRules = (
			);
			dependencies = (
				26EBF2E522BA83DE00CB7872 /* PBXTargetDependency */,
			);
			name = SHUunionUITests;
			productName = SHUunionUITests;
			productReference = 26EBF2E322BA83DE00CB7872 /* SHUunionUITests.xctest */;
			productType = "com.apple.product-type.bundle.ui-testing";
		};
/* End PBXNativeTarget section */

/* Begin PBXProject section */
		26EBF2BA22BA83DE00CB7872 /* Project object */ = {
			isa = PBXProject;
			attributes = {
				LastSwiftUpdateCheck = 1100;
				LastUpgradeCheck = 1100;
				ORGANIZATIONNAME = shenbonan_IMAC;
				TargetAttributes = {
					26EBF2C122BA83DE00CB7872 = {
						CreatedOnToolsVersion = 11.0;
					};
					26EBF2D722BA83DE00CB7872 = {
						CreatedOnToolsVersion = 11.0;
						TestTargetID = 26EBF2C122BA83DE00CB7872;
					};
					26EBF2E222BA83DE00CB7872 = {
						CreatedOnToolsVersion = 11.0;
						TestTargetID = 26EBF2C122BA83DE00CB7872;
					};
				};
			};
			buildConfigurationList = 26EBF2BD22BA83DE00CB7872 /* Build configuration list for PBXProject "SHUunion" */;
			compatibilityVersion = "Xcode 9.3";
			developmentRegion = en;
			hasScannedForEncodings = 0;
			knownRegions = (
				en,
				Base,
			);
			mainGroup = 26EBF2B922BA83DE00CB7872;
			productRefGroup = 26EBF2C322BA83DE00CB7872 /* Products */;
			projectDirPath = "";
			projectRoot = "";
			targets = (
				26EBF2C122BA83DE00CB7872 /* SHUunion */,
				26EBF2D722BA83DE00CB7872 /* SHUunionTests */,
				26EBF2E222BA83DE00CB7872 /* SHUunionUITests */,
			);
		};
/* End PBXProject section */

/* Begin PBXResourcesBuildPhase section */
		26EBF2C022BA83DE00CB7872 /* Resources */ = {
			isa = PBXResourcesBuildPhase;
			buildActionMask = 2147483647;
			files = (
				26EBF2D222BA83DE00CB7872 /* LaunchScreen.storyboard in Resources */,
				26EBF2CF22BA83DE00CB7872 /* Preview Assets.xcassets in Resources */,
				26EBF2CC22BA83DE00CB7872 /* Assets.xcassets in Resources */,
			);
			runOnlyForDeploymentPostprocessing = 0;
		};
		26EBF2D622BA83DE00CB7872 /* Resources */ = {
			isa = PBXResourcesBuildPhase;
			buildActionMask = 2147483647;
			files = (
			);
			runOnlyForDeploymentPostprocessing = 0;
		};
		26EBF2E122BA83DE00CB7872 /* Resources */ = {
			isa = PBXResourcesBuildPhase;
			buildActionMask = 2147483647;
			files = (
			);
			runOnlyForDeploymentPostprocessing = 0;
		};
/* End PBXResourcesBuildPhase section */

/* Begin PBXSourcesBuildPhase section */
		26EBF2BE22BA83DE00CB7872 /* Sources */ = {
			isa = PBXSourcesBuildPhase;
			buildActionMask = 2147483647;
			files = (
				26EBF2C622BA83DE00CB7872 /* AppDelegate.swift in Sources */,
				26EBF2C822BA83DE00CB7872 /* SceneDelegate.swift in Sources */,
				26EBF2CA22BA83DE00CB7872 /* ContentView.swift in Sources */,
			);
			runOnlyForDeploymentPostprocessing = 0;
		};
		26EBF2D422BA83DE00CB7872 /* Sources */ = {
			isa = PBXSourcesBuildPhase;
			buildActionMask = 2147483647;
			files = (
				26EBF2DD22BA83DE00CB7872 /* SHUunionTests.swift in Sources */,
			);
			runOnlyForDeploymentPostprocessing = 0;
		};
		26EBF2DF22BA83DE00CB7872 /* Sources */ = {
			isa = PBXSourcesBuildPhase;
			buildActionMask = 2147483647;
			files = (
				26EBF2E822BA83DE00CB7872 /* SHUunionUITests.swift in Sources */,
			);
			runOnlyForDeploymentPostprocessing = 0;
		};
/* End PBXSourcesBuildPhase section */

/* Begin PBXTargetDependency section */
		26EBF2DA22BA83DE00CB7872 /* PBXTargetDependency */ = {
			isa = PBXTargetDependency;
			target = 26EBF2C122BA83DE00CB7872 /* SHUunion */;
			targetProxy = 26EBF2D922BA83DE00CB7872 /* PBXContainerItemProxy */;
		};
		26EBF2E522BA83DE00CB7872 /* PBXTargetDependency */ = {
			isa = PBXTargetDependency;
			target = 26EBF2C122BA83DE00CB7872 /* SHUunion */;
			targetProxy = 26EBF2E422BA83DE00CB7872 /* PBXContainerItemProxy */;
		};
/* End PBXTargetDependency section */

/* Begin PBXVariantGroup section */
		26EBF2D022BA83DE00CB7872 /* LaunchScreen.storyboard */ = {
			isa = PBXVariantGroup;
			children = (
				26EBF2D122BA83DE00CB7872 /* Base */,
			);
			name = LaunchScreen.storyboard;
			sourceTree = "<group>";
		};
/* End PBXVariantGroup section */

/* Begin XCBuildConfiguration section */
		26EBF2EA22BA83DE00CB7872 /* Debug */ = {
			isa = XCBuildConfiguration;
			buildSettings = {
				ALWAYS_SEARCH_USER_PATHS = NO;
				CLANG_ANALYZER_NONNULL = YES;
				CLANG_ANALYZER_NUMBER_OBJECT_CONVERSION = YES_AGGRESSIVE;
				CLANG_CXX_LANGUAGE_STANDARD = "gnu++14";
				CLANG_CXX_LIBRARY = "libc++";
				CLANG_ENABLE_MODULES = YES;
				CLANG_ENABLE_OBJC_ARC = YES;
				CLANG_ENABLE_OBJC_WEAK = YES;
				CLANG_WARN_BLOCK_CAPTURE_AUTORELEASING = YES;
				CLANG_WARN_BOOL_CONVERSION = YES;
				CLANG_WARN_COMMA = YES;
				CLANG_WARN_CONSTANT_CONVERSION = YES;
				CLANG_WARN_DEPRECATED_OBJC_IMPLEMENTATIONS = YES;
				CLANG_WARN_DIRECT_OBJC_ISA_USAGE = YES_ERROR;
				CLANG_WARN_DOCUMENTATION_COMMENTS = YES;
				CLANG_WARN_EMPTY_BODY = YES;
				CLANG_WARN_ENUM_CONVERSION = YES;
				CLANG_WARN_INFINITE_RECURSION = YES;
				CLANG_WARN_INT_CONVERSION = YES;
				CLANG_WARN_NON_LITERAL_NULL_CONVERSION = YES;
				CLANG_WARN_OBJC_IMPLICIT_RETAIN_SELF = YES;
				CLANG_WARN_OBJC_LITERAL_CONVERSION = YES;
				CLANG_WARN_OBJC_ROOT_CLASS = YES_ERROR;
				CLANG_WARN_RANGE_LOOP_ANALYSIS = YES;
				CLANG_WARN_STRICT_PROTOTYPES = YES;
				CLANG_WARN_SUSPICIOUS_MOVE = YES;
				CLANG_WARN_UNGUARDED_AVAILABILITY = YES_AGGRESSIVE;
				CLANG_WARN_UNREACHABLE_CODE = YES;
				CLANG_WARN__DUPLICATE_METHOD_MATCH = YES;
				COPY_PHASE_STRIP = NO;
				DEBUG_INFORMATION_FORMAT = dwarf;
				ENABLE_STRICT_OBJC_MSGSEND = YES;
				ENABLE_TESTABILITY = YES;
				GCC_C_LANGUAGE_STANDARD = gnu11;
				GCC_DYNAMIC_NO_PIC = NO;
				GCC_NO_COMMON_BLOCKS = YES;
				GCC_OPTIMIZATION_LEVEL = 0;
				GCC_PREPROCESSOR_DEFINITIONS = (
					"DEBUG=1",
					"$(inherited)",
				);
				GCC_WARN_64_TO_32_BIT_CONVERSION = YES;
				GCC_WARN_ABOUT_RETURN_TYPE = YES_ERROR;
				GCC_WARN_UNDECLARED_SELECTOR = YES;
				GCC_WARN_UNINITIALIZED_AUTOS = YES_AGGRESSIVE;
				GCC_WARN_UNUSED_FUNCTION = YES;
				GCC_WARN_UNUSED_VARIABLE = YES;
				IPHONEOS_DEPLOYMENT_TARGET = 13.0;
				MTL_ENABLE_DEBUG_INFO = INCLUDE_SOURCE;
				MTL_FAST_MATH = YES;
				ONLY_ACTIVE_ARCH = YES;
				SDKROOT = iphoneos;
				SWIFT_ACTIVE_COMPILATION_CONDITIONS = DEBUG;
				SWIFT_OPTIMIZATION_LEVEL = "-Onone";
			};
			name = Debug;
		};
		26EBF2EB22BA83DE00CB7872 /* Release */ = {
			isa = XCBuildConfiguration;
			buildSettings = {
				ALWAYS_SEARCH_USER_PATHS = NO;
				CLANG_ANALYZER_NONNULL = YES;
				CLANG_ANALYZER_NUMBER_OBJECT_CONVERSION = YES_AGGRESSIVE;
				CLANG_CXX_LANGUAGE_STANDARD = "gnu++14";
				CLANG_CXX_LIBRARY = "libc++";
				CLANG_ENABLE_MODULES = YES;
				CLANG_ENABLE_OBJC_ARC = YES;
				CLANG_ENABLE_OBJC_WEAK = YES;
				CLANG_WARN_BLOCK_CAPTURE_AUTORELEASING = YES;
				CLANG_WARN_BOOL_CONVERSION = YES;
				CLANG_WARN_COMMA = YES;
				CLANG_WARN_CONSTANT_CONVERSION = YES;
				CLANG_WARN_DEPRECATED_OBJC_IMPLEMENTATIONS = YES;
				CLANG_WARN_DIRECT_OBJC_ISA_USAGE = YES_ERROR;
				CLANG_WARN_DOCUMENTATION_COMMENTS = YES;
				CLANG_WARN_EMPTY_BODY = YES;
				CLANG_WARN_ENUM_CONVERSION = YES;
				CLANG_WARN_INFINITE_RECURSION = YES;
				CLANG_WARN_INT_CONVERSION = YES;
				CLANG_WARN_NON_LITERAL_NULL_CONVERSION = YES;
				CLANG_WARN_OBJC_IMPLICIT_RETAIN_SELF = YES;
				CLANG_WARN_OBJC_LITERAL_CONVERSION = YES;
				CLANG_WARN_OBJC_ROOT_CLASS = YES_ERROR;
				CLANG_WARN_RANGE_LOOP_ANALYSIS = YES;
				CLANG_WARN_STRICT_PROTOTYPES = YES;
				CLANG_WARN_SUSPICIOUS_MOVE = YES;
				CLANG_WARN_UNGUARDED_AVAILABILITY = YES_AGGRESSIVE;
				CLANG_WARN_UNREACHABLE_CODE = YES;
				CLANG_WARN__DUPLICATE_METHOD_MATCH = YES;
				COPY_PHASE_STRIP = NO;
				DEBUG_INFORMATION_FORMAT = "dwarf-with-dsym";
				ENABLE_NS_ASSERTIONS = NO;
				ENABLE_STRICT_OBJC_MSGSEND = YES;
				GCC_C_LANGUAGE_STANDARD = gnu11;
				GCC_NO_COMMON_BLOCKS = YES;
				GCC_WARN_64_TO_32_BIT_CONVERSION = YES;
				GCC_WARN_ABOUT_RETURN_TYPE = YES_ERROR;
				GCC_WARN_UNDECLARED_SELECTOR = YES;
				GCC_WARN_UNINITIALIZED_AUTOS = YES_AGGRESSIVE;
				GCC_WARN_UNUSED_FUNCTION = YES;
				GCC_WARN_UNUSED_VARIABLE = YES;
				IPHONEOS_DEPLOYMENT_TARGET = 13.0;
				MTL_ENABLE_DEBUG_INFO = NO;
				MTL_FAST_MATH = YES;
				SDKROOT = iphoneos;
				SWIFT_COMPILATION_MODE = wholemodule;
				SWIFT_OPTIMIZATION_LEVEL = "-O";
				VALIDATE_PRODUCT = YES;
			};
			name = Release;
		};
		26EBF2ED22BA83DE00CB7872 /* Debug */ = {
			isa = XCBuildConfiguration;
			buildSettings = {
				ASSETCATALOG_COMPILER_APPICON_NAME = AppIcon;
				CODE_SIGN_STYLE = Automatic;
				DEVELOPMENT_ASSET_PATHS = "SHUunion/Preview\\ Content";
				DEVELOPMENT_TEAM = 5MSQY89Z86;
				ENABLE_PREVIEWS = YES;
				INFOPLIST_FILE = SHUunion/Info.plist;
				LD_RUNPATH_SEARCH_PATHS = (
					"$(inherited)",
					"@executable_path/Frameworks",
				);
				PRODUCT_BUNDLE_IDENTIFIER = shenbonan.SHUunion;
				PRODUCT_NAME = "$(TARGET_NAME)";
				SWIFT_VERSION = 5.0;
				TARGETED_DEVICE_FAMILY = "1,2";
			};
			name = Debug;
		};
		26EBF2EE22BA83DE00CB7872 /* Release */ = {
			isa = XCBuildConfiguration;
			buildSettings = {
				ASSETCATALOG_COMPILER_APPICON_NAME = AppIcon;
				CODE_SIGN_STYLE = Automatic;
				DEVELOPMENT_ASSET_PATHS = "SHUunion/Preview\\ Content";
				DEVELOPMENT_TEAM = 5MSQY89Z86;
				ENABLE_PREVIEWS = YES;
				INFOPLIST_FILE = SHUunion/Info.plist;
				LD_RUNPATH_SEARCH_PATHS = (
					"$(inherited)",
					"@executable_path/Frameworks",
				);
				PRODUCT_BUNDLE_IDENTIFIER = shenbonan.SHUunion;
				PRODUCT_NAME = "$(TARGET_NAME)";
				SWIFT_VERSION = 5.0;
				TARGETED_DEVICE_FAMILY = "1,2";
			};
			name = Release;
		};
		26EBF2F022BA83DE00CB7872 /* Debug */ = {
			isa = XCBuildConfiguration;
			buildSettings = {
				ALWAYS_EMBED_SWIFT_STANDARD_LIBRARIES = YES;
				BUNDLE_LOADER = "$(TEST_HOST)";
				CODE_SIGN_STYLE = Automatic;
				DEVELOPMENT_TEAM = 5MSQY89Z86;
				INFOPLIST_FILE = SHUunionTests/Info.plist;
				LD_RUNPATH_SEARCH_PATHS = (
					"$(inherited)",
					"@executable_path/Frameworks",
					"@loader_path/Frameworks",
				);
				PRODUCT_BUNDLE_IDENTIFIER = shenbonan.SHUunionTests;
				PRODUCT_NAME = "$(TARGET_NAME)";
				SWIFT_VERSION = 5.0;
				TARGETED_DEVICE_FAMILY = "1,2";
				TEST_HOST = "$(BUILT_PRODUCTS_DIR)/SHUunion.app/SHUunion";
			};
			name = Debug;
		};
		26EBF2F122BA83DE00CB7872 /* Release */ = {
			isa = XCBuildConfiguration;
			buildSettings = {
				ALWAYS_EMBED_SWIFT_STANDARD_LIBRARIES = YES;
				BUNDLE_LOADER = "$(TEST_HOST)";
				CODE_SIGN_STYLE = Automatic;
				DEVELOPMENT_TEAM = 5MSQY89Z86;
				INFOPLIST_FILE = SHUunionTests/Info.plist;
				LD_RUNPATH_SEARCH_PATHS = (
					"$(inherited)",
					"@executable_path/Frameworks",
					"@loader_path/Frameworks",
				);
				PRODUCT_BUNDLE_IDENTIFIER = shenbonan.SHUunionTests;
				PRODUCT_NAME = "$(TARGET_NAME)";
				SWIFT_VERSION = 5.0;
				TARGETED_DEVICE_FAMILY = "1,2";
				TEST_HOST = "$(BUILT_PRODUCTS_DIR)/SHUunion.app/SHUunion";
			};
			name = Release;
		};
		26EBF2F322BA83DE00CB7872 /* Debug */ = {
			isa = XCBuildConfiguration;
			buildSettings = {
				ALWAYS_EMBED_SWIFT_STANDARD_LIBRARIES = YES;
				CODE_SIGN_STYLE = Automatic;
				DEVELOPMENT_TEAM = 5MSQY89Z86;
				INFOPLIST_FILE = SHUunionUITests/Info.plist;
				LD_RUNPATH_SEARCH_PATHS = (
					"$(inherited)",
					"@executable_path/Frameworks",
					"@loader_path/Frameworks",
				);
				PRODUCT_BUNDLE_IDENTIFIER = shenbonan.SHUunionUITests;
				PRODUCT_NAME = "$(TARGET_NAME)";
				SWIFT_VERSION = 5.0;
				TARGETED_DEVICE_FAMILY = "1,2";
				TEST_TARGET_NAME = SHUunion;
			};
			name = Debug;
		};
		26EBF2F422BA83DE00CB7872 /* Release */ = {
			isa = XCBuildConfiguration;
			buildSettings = {
				ALWAYS_EMBED_SWIFT_STANDARD_LIBRARIES = YES;
				CODE_SIGN_STYLE = Automatic;
				DEVELOPMENT_TEAM = 5MSQY89Z86;
				INFOPLIST_FILE = SHUunionUITests/Info.plist;
				LD_RUNPATH_SEARCH_PATHS = (
					"$(inherited)",
					"@executable_path/Frameworks",
					"@loader_path/Frameworks",
				);
				PRODUCT_BUNDLE_IDENTIFIER = shenbonan.SHUunionUITests;
				PRODUCT_NAME = "$(TARGET_NAME)";
				SWIFT_VERSION = 5.0;
				TARGETED_DEVICE_FAMILY = "1,2";
				TEST_TARGET_NAME = SHUunion;
			};
			name = Release;
		};
/* End XCBuildConfiguration section */

/* Begin XCConfigurationList section */
		26EBF2BD22BA83DE00CB7872 /* Build configuration list for PBXProject "SHUunion" */ = {
			isa = XCConfigurationList;
			buildConfigurations = (
				26EBF2EA22BA83DE00CB7872 /* Debug */,
				26EBF2EB22BA83DE00CB7872 /* Release */,
			);
			defaultConfigurationIsVisible = 0;
			defaultConfigurationName = Release;
		};
		26EBF2EC22BA83DE00CB7872 /* Build configuration list for PBXNativeTarget "SHUunion" */ = {
			isa = XCConfigurationList;
			buildConfigurations = (
				26EBF2ED22BA83DE00CB7872 /* Debug */,
				26EBF2EE22BA83DE00CB7872 /* Release */,
			);
			defaultConfigurationIsVisible = 0;
			defaultConfigurationName = Release;
		};
		26EBF2EF22BA83DE00CB7872 /* Build configuration list for PBXNativeTarget "SHUunionTests" */ = {
			isa = XCConfigurationList;
			buildConfigurations = (
				26EBF2F022BA83DE00CB7872 /* Debug */,
				26EBF2F122BA83DE00CB7872 /* Release */,
			);
			defaultConfigurationIsVisible = 0;
			defaultConfigurationName = Release;
		};
		26EBF2F222BA83DE00CB7872 /* Build configuration list for PBXNativeTarget "SHUunionUITests" */ = {
			isa = XCConfigurationList;
			buildConfigurations = (
				26EBF2F322BA83DE00CB7872 /* Debug */,
				26EBF2F422BA83DE00CB7872 /* Release */,
			);
			defaultConfigurationIsVisible = 0;
			defaultConfigurationName = Release;
		};
/* End XCConfigurationList section */
	};
	rootObject = 26EBF2BA22BA83DE00CB7872 /* Project object */;
}
